{
  "name": "ppteditor-vue",
  "version": "1.1.7",
  "lockfileVersion": 1,
  "requires": true,
  "dependencies": {
    "colorpicker-vue": {
      "version": "1.0.3",
      "resolved": "https://registry.npmjs.org/colorpicker-vue/-/colorpicker-vue-1.0.3.tgz",
      "integrity": "sha512-Ho7OqTyr1AReBDl6RNoEDdknPxMx+3lc9EG+/GV6WdxgPts8ifaj8Wv9KHLWsvMTci9RbbYyyExjzA+5Rxn3rQ=="
    },
    "qdraw": {
      "version": "1.2.3",
      "resolved": "https://registry.npmjs.org/qdraw/-/qdraw-1.2.3.tgz",
      "integrity": "sha512-nlMLz48rmY9AL6ix1eieBLWM9kEsiRkD7pXjo8KLrgRwEZFiRGK3BckJo+9aQwdUmhuQQSiwfc/4TI1aofADmg=="
    }
  }
}
