{
  "name": "ppteditor-vue",
  "version": "1.0.0",
  "lockfileVersion": 1,
  "dependencies": {
    "qdraw": {
      "version": "1.2.3",
      "resolved": "https://registry.npmjs.org/qdraw/-/qdraw-1.2.3.tgz",
      "integrity": "sha512-nlMLz48rmY9AL6ix1eieBLWM9kEsiRkD7pXjo8KLrgRwEZFiRGK3BckJo+9aQwdUmhuQQSiwfc/4TI1aofADmg=="
    }
  }
}
